
Microsoft Visual Studio Solution File, Format Version 12.00
# Visual Studio 15
VisualStudioVersion = 15.0.27428.2037
MinimumVisualStudioVersion = 10.0.40219.1
Project("{F184B08F-C81C-45F6-A57F-5ABD9991F28F}") = "GcodeSplitter", "GcodeSplitter\GcodeSplitter.vbproj", "{55C67E47-BCE1-4BC9-AB22-195771DB24C6}"
EndProject
Global
	GlobalSection(SolutionConfigurationPlatforms) = preSolution
		Debug|Any CPU = Debug|Any CPU
		Release|Any CPU = Release|Any CPU
	EndGlobalSection
	GlobalSection(ProjectConfigurationPlatforms) = postSolution
		{55C67E47-BCE1-4BC9-AB22-195771DB24C6}.Debug|Any CPU.ActiveCfg = Debug|Any CPU
		{55C67E47-BCE1-4BC9-AB22-195771DB24C6}.Debug|Any CPU.Build.0 = Debug|Any CPU
		{55C67E47-BCE1-4BC9-AB22-195771DB24C6}.Release|Any CPU.ActiveCfg = Release|Any CPU
		{55C67E47-BCE1-4BC9-AB22-195771DB24C6}.Release|Any CPU.Build.0 = Release|Any CPU
	EndGlobalSection
	GlobalSection(SolutionProperties) = preSolution
		HideSolutionNode = FALSE
	EndGlobalSection
	GlobalSection(ExtensibilityGlobals) = postSolution
		SolutionGuid = {A23BF1B7-41D5-4827-93FD-4B9F473B5E50}
	EndGlobalSection
EndGlobal
